# This file is generated by running "yarn install" inside your project.
# Manual changes might be lost - proceed with caution!

__metadata:
  version: 10
  cacheKey: 10

"@tgsnake/log@workspace:.":
  version: 0.0.0-use.local
  resolution: "@tgsnake/log@workspace:."
  dependencies:
    "@types/bun": "npm:^1.3.14"
    "@types/node": "npm:^25.9.1"
    chalk: "npm:^5.6.2"
    color-convert: "npm:^3.1.3"
    prettier: "npm:^3.8.3"
    typescript: "npm:^6.0.3"
  languageName: unknown
  linkType: soft

"@types/bun@npm:^1.3.14":
  version: 1.3.14
  resolution: "@types/bun@npm:1.3.14"
  dependencies:
    bun-types: "npm:1.3.14"
  checksum: 10/bdd178c546029358db5ce0f3953edcb4effb15f6f138f5cfdafd6c23d2b4662d3c950fcfdf3d31dc9f461056d5d85a01fcdc36a370bbd584fc44f826648b5886
  languageName: node
  linkType: hard

"@types/node@npm:*, @types/node@npm:^25.9.1":
  version: 25.9.1
  resolution: "@types/node@npm:25.9.1"
  dependencies:
    undici-types: "npm:>=7.24.0 <7.24.7"
  checksum: 10/8a1ccf60f0c0ca856d3324a690ee35776f26dfc1d51c3763aecdf246a3246a7971a0156bf6eb3239aa22dfa940eb361d048212f5c3204264d31ef4c41d17416a
  languageName: node
  linkType: hard

"bun-types@npm:1.3.14":
  version: 1.3.14
  resolution: "bun-types@npm:1.3.14"
  dependencies:
    "@types/node": "npm:*"
  checksum: 10/8c5d7edf6622c6efbbca210e7efc903385ab5057db6a7b9137d84713b2ec213e52a9269e79fd18a9f48fb6acd5f5ced104d7afb08319c39ff1ebd8abf744ec5c
  languageName: node
  linkType: hard

"chalk@npm:^5.6.2":
  version: 5.6.2
  resolution: "chalk@npm:5.6.2"
  checksum: 10/1b2f48f6fba1370670d5610f9cd54c391d6ede28f4b7062dd38244ea5768777af72e5be6b74fb6c6d54cb84c4a2dff3f3afa9b7cb5948f7f022cfd3d087989e0
  languageName: node
  linkType: hard

"color-convert@npm:^3.1.3":
  version: 3.1.3
  resolution: "color-convert@npm:3.1.3"
  dependencies:
    color-name: "npm:^2.0.0"
  checksum: 10/36b9b99c138f90eb11a28d1ad911054a9facd6cffde4f00dc49a34ebde7cae28454b2285ede64f273b6a8df9c3228b80e4352f4471978fa8b5005fe91341a67b
  languageName: node
  linkType: hard

"color-name@npm:^2.0.0":
  version: 2.1.0
  resolution: "color-name@npm:2.1.0"
  checksum: 10/eb014f71d87408e318e95d3f554f188370d354ba8e0ffa4341d0fd19de391bfe2bc96e563d4f6614644d676bc24f475560dffee3fe310c2d6865d007410a9a2b
  languageName: node
  linkType: hard

"prettier@npm:^3.8.3":
  version: 3.8.3
  resolution: "prettier@npm:3.8.3"
  bin:
    prettier: bin/prettier.cjs
  checksum: 10/4b3b12cbb29e4c96bed936e5d070167552500c18d37676fb3e0caae6199c42860662608e4dc116230698f6e2bb0267ef2548158224c92d40f188d309d72fdd6f
  languageName: node
  linkType: hard

"typescript@npm:^6.0.3":
  version: 6.0.3
  resolution: "typescript@npm:6.0.3"
  bin:
    tsc: bin/tsc
    tsserver: bin/tsserver
  checksum: 10/0ef2357a4cffd916b52b683a021cdab0f81eea4e9aa35f2d254581c9a5106da02224e3392e1b0ed42b7a48f80c966e5f52b8e1a27941fa0523c1705a9c2e0330
  languageName: node
  linkType: hard

"typescript@patch:typescript@npm%3A^6.0.3#optional!builtin<compat/typescript>":
  version: 6.0.3
  resolution: "typescript@patch:typescript@npm%3A6.0.3#optional!builtin<compat/typescript>::version=6.0.3&hash=5786d5"
  bin:
    tsc: bin/tsc
    tsserver: bin/tsserver
  checksum: 10/22b67a18dafedf9b1468b64ca20d9aa02ea61d449b65413d8aa6552aeb63f52ef369e86beb25b6b4c91a803d9726ee5c196f391a9b64201263263410a4223ee6
  languageName: node
  linkType: hard

"undici-types@npm:>=7.24.0 <7.24.7":
  version: 7.24.6
  resolution: "undici-types@npm:7.24.6"
  checksum: 10/defc9538b952e3c15b8526596c591f7c1f0c7605ad27a2b7feddbea7ef2e3003f3eda2cdb051a3cb1a2185e3893100fd9cb925c799db99d48131ea63b5233d10
  languageName: node
  linkType: hard
